
Microsoft Visual Studio Solution File, Format Version 12.00
# Visual Studio Version 17
VisualStudioVersion = 17.7.34031.279
MinimumVisualStudioVersion = 10.0.40219.1
Project("{FAE04EC0-301F-11D3-BF4B-00C04F79EFBC}") = "Module11Home", "Module11Home\Module11Home.csproj", "{76C194F6-234D-411B-898D-475FB24E21BA}"
EndProject
Global
	GlobalSection(SolutionConfigurationPlatforms) = preSolution
		Debug|Any CPU = Debug|Any CPU
		Release|Any CPU = Release|Any CPU
	EndGlobalSection
	GlobalSection(ProjectConfigurationPlatforms) = postSolution
		{76C194F6-234D-411B-898D-475FB24E21BA}.Debug|Any CPU.ActiveCfg = Debug|Any CPU
		{76C194F6-234D-411B-898D-475FB24E21BA}.Debug|Any CPU.Build.0 = Debug|Any CPU
		{76C194F6-234D-411B-898D-475FB24E21BA}.Release|Any CPU.ActiveCfg = Release|Any CPU
		{76C194F6-234D-411B-898D-475FB24E21BA}.Release|Any CPU.Build.0 = Release|Any CPU
	EndGlobalSection
	GlobalSection(SolutionProperties) = preSolution
		HideSolutionNode = FALSE
	EndGlobalSection
	GlobalSection(ExtensibilityGlobals) = postSolution
		SolutionGuid = {FAC56DDE-DEB6-40D4-A2FF-9E02E0F472EE}
	EndGlobalSection
EndGlobal
